
Microsoft Visual Studio Solution File, Format Version 12.00
# Visual Studio Version 16
VisualStudioVersion = 16.0.30804.86
MinimumVisualStudioVersion = 10.0.40219.1
Project("{FAE04EC0-301F-11D3-BF4B-00C04F79EFBC}") = "Course-Delegates", "Course-Delegates\Course-Delegates.csproj", "{D0B1DF82-E051-4147-B9E2-94BF35339B65}"
EndProject
Global
	GlobalSection(SolutionConfigurationPlatforms) = preSolution
		Debug|Any CPU = Debug|Any CPU
		Release|Any CPU = Release|Any CPU
	EndGlobalSection
	GlobalSection(ProjectConfigurationPlatforms) = postSolution
		{D0B1DF82-E051-4147-B9E2-94BF35339B65}.Debug|Any CPU.ActiveCfg = Debug|Any CPU
		{D0B1DF82-E051-4147-B9E2-94BF35339B65}.Debug|Any CPU.Build.0 = Debug|Any CPU
		{D0B1DF82-E051-4147-B9E2-94BF35339B65}.Release|Any CPU.ActiveCfg = Release|Any CPU
		{D0B1DF82-E051-4147-B9E2-94BF35339B65}.Release|Any CPU.Build.0 = Release|Any CPU
	EndGlobalSection
	GlobalSection(SolutionProperties) = preSolution
		HideSolutionNode = FALSE
	EndGlobalSection
	GlobalSection(ExtensibilityGlobals) = postSolution
		SolutionGuid = {F0B96EC3-746E-49EE-8EB9-06A509CE6A80}
	EndGlobalSection
EndGlobal
